// !$*UTF8*$!
{
	archiveVersion = 1;
	classes = {
	};
	objectVersion = 50;
	objects = {

/* Begin PBXBuildFile section */
		CD0B82202451723E00F2A6C8 /* AppDelegate.swift in Sources */ = {isa = PBXBuildFile; fileRef = CD0B821F2451723E00F2A6C8 /* AppDelegate.swift */; };
		CD0B82222451723E00F2A6C8 /* SceneDelegate.swift in Sources */ = {isa = PBXBuildFile; fileRef = CD0B82212451723E00F2A6C8 /* SceneDelegate.swift */; };
		CD0B82242451723E00F2A6C8 /* ViewController.swift in Sources */ = {isa = PBXBuildFile; fileRef = CD0B82232451723E00F2A6C8 /* ViewController.swift */; };
		CD0B82272451723E00F2A6C8 /* Main.storyboard in Resources */ = {isa = PBXBuildFile; fileRef = CD0B82252451723E00F2A6C8 /* Main.storyboard */; };
		CD0B82292451724300F2A6C8 /* Assets.xcassets in Resources */ = {isa = PBXBuildFile; fileRef = CD0B82282451724300F2A6C8 /* Assets.xcassets */; };
		CD0B822C2451724300F2A6C8 /* LaunchScreen.storyboard in Resources */ = {isa = PBXBuildFile; fileRef = CD0B822A2451724300F2A6C8 /* LaunchScreen.storyboard */; };
/* End PBXBuildFile section */

/* Begin PBXFileReference section */
		CD0B821C2451723E00F2A6C8 /* ScrollView Storyboard.app */ = {isa = PBXFileReference; explicitFileType = wrapper.application; includeInIndex = 0; path = "ScrollView Storyboard.app"; sourceTree = BUILT_PRODUCTS_DIR; };
		CD0B821F2451723E00F2A6C8 /* AppDelegate.swift */ = {isa = PBXFileReference; lastKnownFileType = sourcecode.swift; path = AppDelegate.swift; sourceTree = "<group>"; };
		CD0B82212451723E00F2A6C8 /* SceneDelegate.swift */ = {isa = PBXFileReference; lastKnownFileType = sourcecode.swift; path = SceneDelegate.swift; sourceTree = "<group>"; };
		CD0B82232451723E00F2A6C8 /* ViewController.swift */ = {isa = PBXFileReference; lastKnownFileType = sourcecode.swift; path = ViewController.swift; sourceTree = "<group>"; };
		CD0B82262451723E00F2A6C8 /* Base */ = {isa = PBXFileReference; lastKnownFileType = file.storyboard; name = Base; path = Base.lproj/Main.storyboard; sourceTree = "<group>"; };
		CD0B82282451724300F2A6C8 /* Assets.xcassets */ = {isa = PBXFileReference; lastKnownFileType = folder.assetcatalog; path = Assets.xcassets; sourceTree = "<group>"; };
		CD0B822B2451724300F2A6C8 /* Base */ = {isa = PBXFileReference; lastKnownFileType = file.storyboard; name = Base; path = Base.lproj/LaunchScreen.storyboard; sourceTree = "<group>"; };
		CD0B822D2451724400F2A6C8 /* Info.plist */ = {isa = PBXFileReference; lastKnownFileType = text.plist.xml; path = Info.plist; sourceTree = "<group>"; };
/* End PBXFileReference section */

/* Begin PBXFrameworksBuildPhase section */
		CD0B82192451723E00F2A6C8 /* Frameworks */ = {
			isa = PBXFrameworksBuildPhase;
			buildActionMask = 2147483647;
			files = (
			);
			runOnlyForDeploymentPostprocessing = 0;
		};
/* End PBXFrameworksBuildPhase section */

/* Begin PBXGroup section */
		CD0B82132451723E00F2A6C8 = {
			isa = PBXGroup;
			children = (
				CD0B821E2451723E00F2A6C8 /* ScrollView Storyboard */,
				CD0B821D2451723E00F2A6C8 /* Products */,
			);
			sourceTree = "<group>";
		};
		CD0B821D2451723E00F2A6C8 /* Products */ = {
			isa = PBXGroup;
			children = (
				CD0B821C2451723E00F2A6C8 /* ScrollView Storyboard.app */,
			);
			name = Products;
			sourceTree = "<group>";
		};
		CD0B821E2451723E00F2A6C8 /* ScrollView Storyboard */ = {
			isa = PBXGroup;
			children = (
				CD0B821F2451723E00F2A6C8 /* AppDelegate.swift */,
				CD0B82212451723E00F2A6C8 /* SceneDelegate.swift */,
				CD0B82232451723E00F2A6C8 /* ViewController.swift */,
				CD0B82252451723E00F2A6C8 /* Main.storyboard */,
				CD0B82282451724300F2A6C8 /* Assets.xcassets */,
				CD0B822A2451724300F2A6C8 /* LaunchScreen.storyboard */,
				CD0B822D2451724400F2A6C8 /* Info.plist */,
			);
			path = "ScrollView Storyboard";
			sourceTree = "<group>";
		};
/* End PBXGroup section */

/* Begin PBXNativeTarget section */
		CD0B821B2451723E00F2A6C8 /* ScrollView Storyboard */ = {
			isa = PBXNativeTarget;
			buildConfigurationList = CD0B82302451724400F2A6C8 /* Build configuration list for PBXNativeTarget "ScrollView Storyboard" */;
			buildPhases = (
				CD0B82182451723E00F2A6C8 /* Sources */,
				CD0B82192451723E00F2A6C8 /* Frameworks */,
				CD0B821A2451723E00F2A6C8 /* Resources */,
			);
			buildRules = (
			);
			dependencies = (
			);
			name = "ScrollView Storyboard";
			productName = "ScrollView Storyboard";
			productReference = CD0B821C2451723E00F2A6C8 /* ScrollView Storyboard.app */;
			productType = "com.apple.product-type.application";
		};
/* End PBXNativeTarget section */

/* Begin PBXProject section */
		CD0B82142451723E00F2A6C8 /* Project object */ = {
			isa = PBXProject;
			attributes = {
				LastSwiftUpdateCheck = 1140;
				LastUpgradeCheck = 1140;
				ORGANIZATIONNAME = "Muhammad Anjum Kaiser";
				TargetAttributes = {
					CD0B821B2451723E00F2A6C8 = {
						CreatedOnToolsVersion = 11.4.1;
					};
				};
			};
			buildConfigurationList = CD0B82172451723E00F2A6C8 /* Build configuration list for PBXProject "ScrollView Storyboard" */;
			compatibilityVersion = "Xcode 9.3";
			developmentRegion = en;
			hasScannedForEncodings = 0;
			knownRegions = (
				en,
				Base,
			);
			mainGroup = CD0B82132451723E00F2A6C8;
			productRefGroup = CD0B821D2451723E00F2A6C8 /* Products */;
			projectDirPath = "";
			projectRoot = "";
			targets = (
				CD0B821B2451723E00F2A6C8 /* ScrollView Storyboard */,
			);
		};
/* End PBXProject section */

/* Begin PBXResourcesBuildPhase section */
		CD0B821A2451723E00F2A6C8 /* Resources */ = {
			isa = PBXResourcesBuildPhase;
			buildActionMask = 2147483647;
			files = (
				CD0B822C2451724300F2A6C8 /* LaunchScreen.storyboard in Resources */,
				CD0B82292451724300F2A6C8 /* Assets.xcassets in Resources */,
				CD0B82272451723E00F2A6C8 /* Main.storyboard in Resources */,
			);
			runOnlyForDeploymentPostprocessing = 0;
		};
/* End PBXResourcesBuildPhase section */

/* Begin PBXSourcesBuildPhase section */
		CD0B82182451723E00F2A6C8 /* Sources */ = {
			isa = PBXSourcesBuildPhase;
			buildActionMask = 2147483647;
			files = (
				CD0B82242451723E00F2A6C8 /* ViewController.swift in Sources */,
				CD0B82202451723E00F2A6C8 /* AppDelegate.swift in Sources */,
				CD0B82222451723E00F2A6C8 /* SceneDelegate.swift in Sources */,
			);
			runOnlyForDeploymentPostprocessing = 0;
		};
/* End PBXSourcesBuildPhase section */

/* Begin PBXVariantGroup section */
		CD0B82252451723E00F2A6C8 /* Main.storyboard */ = {
			isa = PBXVariantGroup;
			children = (
				CD0B82262451723E00F2A6C8 /* Base */,
			);
			name = Main.storyboard;
			sourceTree = "<group>";
		};
		CD0B822A2451724300F2A6C8 /* LaunchScreen.storyboard */ = {
			isa = PBXVariantGroup;
			children = (
				CD0B822B2451724300F2A6C8 /* Base */,
			);
			name = LaunchScreen.storyboard;
			sourceTree = "<group>";
		};
/* End PBXVariantGroup section */

/* Begin XCBuildConfiguration section */
		CD0B822E2451724400F2A6C8 /* Debug */ = {
			isa = XCBuildConfiguration;
			buildSettings = {
				ALWAYS_SEARCH_USER_PATHS = NO;
				CLANG_ANALYZER_NONNULL = YES;
				CLANG_ANALYZER_NUMBER_OBJECT_CONVERSION = YES_AGGRESSIVE;
				CLANG_CXX_LANGUAGE_STANDARD = "gnu++14";
				CLANG_CXX_LIBRARY = "libc++";
				CLANG_ENABLE_MODULES = YES;
				CLANG_ENABLE_OBJC_ARC = YES;
				CLANG_ENABLE_OBJC_WEAK = YES;
				CLANG_WARN_BLOCK_CAPTURE_AUTORELEASING = YES;
				CLANG_WARN_BOOL_CONVERSION = YES;
				CLANG_WARN_COMMA = YES;
				CLANG_WARN_CONSTANT_CONVERSION = YES;
				CLANG_WARN_DEPRECATED_OBJC_IMPLEMENTATIONS = YES;
				CLANG_WARN_DIRECT_OBJC_ISA_USAGE = YES_ERROR;
				CLANG_WARN_DOCUMENTATION_COMMENTS = YES;
				CLANG_WARN_EMPTY_BODY = YES;
				CLANG_WARN_ENUM_CONVERSION = YES;
				CLANG_WARN_INFINITE_RECURSION = YES;
				CLANG_WARN_INT_CONVERSION = YES;
				CLANG_WARN_NON_LITERAL_NULL_CONVERSION = YES;
				CLANG_WARN_OBJC_IMPLICIT_RETAIN_SELF = YES;
				CLANG_WARN_OBJC_LITERAL_CONVERSION = YES;
				CLANG_WARN_OBJC_ROOT_CLASS = YES_ERROR;
				CLANG_WARN_RANGE_LOOP_ANALYSIS = YES;
				CLANG_WARN_STRICT_PROTOTYPES = YES;
				CLANG_WARN_SUSPICIOUS_MOVE = YES;
				CLANG_WARN_UNGUARDED_AVAILABILITY = YES_AGGRESSIVE;
				CLANG_WARN_UNREACHABLE_CODE = YES;
				CLANG_WARN__DUPLICATE_METHOD_MATCH = YES;
				COPY_PHASE_STRIP = NO;
				DEBUG_INFORMATION_FORMAT = dwarf;
				ENABLE_STRICT_OBJC_MSGSEND = YES;
				ENABLE_TESTABILITY = YES;
				GCC_C_LANGUAGE_STANDARD = gnu11;
				GCC_DYNAMIC_NO_PIC = NO;
				GCC_NO_COMMON_BLOCKS = YES;
				GCC_OPTIMIZATION_LEVEL = 0;
				GCC_PREPROCESSOR_DEFINITIONS = (
					"DEBUG=1",
					"$(inherited)",
				);
				GCC_WARN_64_TO_32_BIT_CONVERSION = YES;
				GCC_WARN_ABOUT_RETURN_TYPE = YES_ERROR;
				GCC_WARN_UNDECLARED_SELECTOR = YES;
				GCC_WARN_UNINITIALIZED_AUTOS = YES_AGGRESSIVE;
				GCC_WARN_UNUSED_FUNCTION = YES;
				GCC_WARN_UNUSED_VARIABLE = YES;
				IPHONEOS_DEPLOYMENT_TARGET = 13.4;
				MTL_ENABLE_DEBUG_INFO = INCLUDE_SOURCE;
				MTL_FAST_MATH = YES;
				ONLY_ACTIVE_ARCH = YES;
				SDKROOT = iphoneos;
				SWIFT_ACTIVE_COMPILATION_CONDITIONS = DEBUG;
				SWIFT_OPTIMIZATION_LEVEL = "-Onone";
			};
			name = Debug;
		};
		CD0B822F2451724400F2A6C8 /* Release */ = {
			isa = XCBuildConfiguration;
			buildSettings = {
				ALWAYS_SEARCH_USER_PATHS = NO;
				CLANG_ANALYZER_NONNULL = YES;
				CLANG_ANALYZER_NUMBER_OBJECT_CONVERSION = YES_AGGRESSIVE;
				CLANG_CXX_LANGUAGE_STANDARD = "gnu++14";
				CLANG_CXX_LIBRARY = "libc++";
				CLANG_ENABLE_MODULES = YES;
				CLANG_ENABLE_OBJC_ARC = YES;
				CLANG_ENABLE_OBJC_WEAK = YES;
				CLANG_WARN_BLOCK_CAPTURE_AUTORELEASING = YES;
				CLANG_WARN_BOOL_CONVERSION = YES;
				CLANG_WARN_COMMA = YES;
				CLANG_WARN_CONSTANT_CONVERSION = YES;
				CLANG_WARN_DEPRECATED_OBJC_IMPLEMENTATIONS = YES;
				CLANG_WARN_DIRECT_OBJC_ISA_USAGE = YES_ERROR;
				CLANG_WARN_DOCUMENTATION_COMMENTS = YES;
				CLANG_WARN_EMPTY_BODY = YES;
				CLANG_WARN_ENUM_CONVERSION = YES;
				CLANG_WARN_INFINITE_RECURSION = YES;
				CLANG_WARN_INT_CONVERSION = YES;
				CLANG_WARN_NON_LITERAL_NULL_CONVERSION = YES;
				CLANG_WARN_OBJC_IMPLICIT_RETAIN_SELF = YES;
				CLANG_WARN_OBJC_LITERAL_CONVERSION = YES;
				CLANG_WARN_OBJC_ROOT_CLASS = YES_ERROR;
				CLANG_WARN_RANGE_LOOP_ANALYSIS = YES;
				CLANG_WARN_STRICT_PROTOTYPES = YES;
				CLANG_WARN_SUSPICIOUS_MOVE = YES;
				CLANG_WARN_UNGUARDED_AVAILABILITY = YES_AGGRESSIVE;
				CLANG_WARN_UNREACHABLE_CODE = YES;
				CLANG_WARN__DUPLICATE_METHOD_MATCH = YES;
				COPY_PHASE_STRIP = NO;
				DEBUG_INFORMATION_FORMAT = "dwarf-with-dsym";
				ENABLE_NS_ASSERTIONS = NO;
				ENABLE_STRICT_OBJC_MSGSEND = YES;
				GCC_C_LANGUAGE_STANDARD = gnu11;
				GCC_NO_COMMON_BLOCKS = YES;
				GCC_WARN_64_TO_32_BIT_CONVERSION = YES;
				GCC_WARN_ABOUT_RETURN_TYPE = YES_ERROR;
				GCC_WARN_UNDECLARED_SELECTOR = YES;
				GCC_WARN_UNINITIALIZED_AUTOS = YES_AGGRESSIVE;
				GCC_WARN_UNUSED_FUNCTION = YES;
				GCC_WARN_UNUSED_VARIABLE = YES;
				IPHONEOS_DEPLOYMENT_TARGET = 13.4;
				MTL_ENABLE_DEBUG_INFO = NO;
				MTL_FAST_MATH = YES;
				SDKROOT = iphoneos;
				SWIFT_COMPILATION_MODE = wholemodule;
				SWIFT_OPTIMIZATION_LEVEL = "-O";
				VALIDATE_PRODUCT = YES;
			};
			name = Release;
		};
		CD0B82312451724400F2A6C8 /* Debug */ = {
			isa = XCBuildConfiguration;
			buildSettings = {
				ASSETCATALOG_COMPILER_APPICON_NAME = AppIcon;
				CODE_SIGN_STYLE = Automatic;
				INFOPLIST_FILE = "ScrollView Storyboard/Info.plist";
				LD_RUNPATH_SEARCH_PATHS = (
					"$(inherited)",
					"@executable_path/Frameworks",
				);
				PRODUCT_BUNDLE_IDENTIFIER = "com.anjumkaiser.ScrollView-Storyboard";
				PRODUCT_NAME = "$(TARGET_NAME)";
				SWIFT_VERSION = 5.0;
				TARGETED_DEVICE_FAMILY = "1,2";
			};
			name = Debug;
		};
		CD0B82322451724400F2A6C8 /* Release */ = {
			isa = XCBuildConfiguration;
			buildSettings = {
				ASSETCATALOG_COMPILER_APPICON_NAME = AppIcon;
				CODE_SIGN_STYLE = Automatic;
				INFOPLIST_FILE = "ScrollView Storyboard/Info.plist";
				LD_RUNPATH_SEARCH_PATHS = (
					"$(inherited)",
					"@executable_path/Frameworks",
				);
				PRODUCT_BUNDLE_IDENTIFIER = "com.anjumkaiser.ScrollView-Storyboard";
				PRODUCT_NAME = "$(TARGET_NAME)";
				SWIFT_VERSION = 5.0;
				TARGETED_DEVICE_FAMILY = "1,2";
			};
			name = Release;
		};
/* End XCBuildConfiguration section */

/* Begin XCConfigurationList section */
		CD0B82172451723E00F2A6C8 /* Build configuration list for PBXProject "ScrollView Storyboard" */ = {
			isa = XCConfigurationList;
			buildConfigurations = (
				CD0B822E2451724400F2A6C8 /* Debug */,
				CD0B822F2451724400F2A6C8 /* Release */,
			);
			defaultConfigurationIsVisible = 0;
			defaultConfigurationName = Release;
		};
		CD0B82302451724400F2A6C8 /* Build configuration list for PBXNativeTarget "ScrollView Storyboard" */ = {
			isa = XCConfigurationList;
			buildConfigurations = (
				CD0B82312451724400F2A6C8 /* Debug */,
				CD0B82322451724400F2A6C8 /* Release */,
			);
			defaultConfigurationIsVisible = 0;
			defaultConfigurationName = Release;
		};
/* End XCConfigurationList section */
	};
	rootObject = CD0B82142451723E00F2A6C8 /* Project object */;
}
